# THIS IS AN AUTOGENERATED FILE. DO NOT EDIT THIS FILE DIRECTLY.
# yarn lockfile v1


core-js@^3.1.4:
  version "3.2.1"
  resolved "https://registry.yarnpkg.com/core-js/-/core-js-3.2.1.tgz#cd41f38534da6cc59f7db050fe67307de9868b09"
  integrity sha512-Qa5XSVefSVPRxy2XfUC13WbvqkxhkwB3ve+pgCQveNgYzbM/UxZeu1dcOX/xr4UmfUd+muuvsaxilQzCyUurMw==

custom-event-polyfill@^1.0.7:
  version "1.0.7"
  resolved "https://registry.yarnpkg.com/custom-event-polyfill/-/custom-event-polyfill-1.0.7.tgz#9bc993ddda937c1a30ccd335614c6c58c4f87aee"
  integrity sha512-TDDkd5DkaZxZFM8p+1I3yAlvM3rSr1wbrOliG4yJiwinMZN8z/iGL7BTlDkrJcYTmgUSb4ywVCc3ZaUtOtC76w==

loadjs@^3.6.1:
  version "3.6.1"
  resolved "https://registry.yarnpkg.com/loadjs/-/loadjs-3.6.1.tgz#1e756ccd4f4c5ed4988085b330e1b4ad9b6a8340"
  integrity sha512-AZEBw2GWdJk2IzBgQ+Wohoao5j+t0rajqK8dJu8jQqgYxDTxhmCt0ayMo/vCa0ZAMvZxnJcam6uLICfnVd8KAw==

plyr@^3.5.6:
  version "3.5.6"
  resolved "https://registry.yarnpkg.com/plyr/-/plyr-3.5.6.tgz#1679d098af3fd0541bba62bc03f662f7c9ae6f2b"
  integrity sha512-buudbt2qwZYjEdBXW9DvQ7t/LqaSbv9tSjCrqg7nTXVM5BXNdhuiJCyvko+5+DFMdp30mliyKGoOHGXz43OwrA==
  dependencies:
    core-js "^3.1.4"
    custom-event-polyfill "^1.0.7"
    loadjs "^3.6.1"
    rangetouch "^2.0.0"
    url-polyfill "^1.1.5"

rangetouch@^2.0.0:
  version "2.0.0"
  resolved "https://registry.yarnpkg.com/rangetouch/-/rangetouch-2.0.0.tgz#5459cdb38b929326c5484ab47aac9632fbe3a896"
  integrity sha512-y66wTFbwh7KafYligRsmIYYR1kZY8U9tGHH9PgbVhBUFmGzPMsOSjslXPedgR5D3M9W1QKVbAf1AtaVAt7JJTw==

url-polyfill@^1.1.5:
  version "1.1.7"
  resolved "https://registry.yarnpkg.com/url-polyfill/-/url-polyfill-1.1.7.tgz#402ee84360eb549bbeb585f4c7971e79a31de9e3"
  integrity sha512-ZrAxYWCREjmMtL8gSbSiKKLZZticgihCvVBtrFbUVpyoETt8GQJeG2okMWA8XryDAaHMjJfhnc+rnhXRbI4DXA==
